
Microsoft Visual Studio Solution File, Format Version 12.00
# Visual Studio 2013
VisualStudioVersion = 12.0.40629.0
MinimumVisualStudioVersion = 10.0.40219.1
Project("{8BC9CEB8-8B4A-11D0-8D11-00A0C91BC942}") = "HOG_train", "HOG_train\HOG_train.vcxproj", "{B5F3F3B2-1F55-4960-82E1-71EE865A144A}"
EndProject
Project("{8BC9CEB8-8B4A-11D0-8D11-00A0C91BC942}") = "HOG_test", "HOG_test\HOG_test.vcxproj", "{03F1AF60-0FB4-4B79-BB49-5319268D6868}"
EndProject
Global
	GlobalSection(SolutionConfigurationPlatforms) = preSolution
		Debug|Win32 = Debug|Win32
		Release|Win32 = Release|Win32
	EndGlobalSection
	GlobalSection(ProjectConfigurationPlatforms) = postSolution
		{B5F3F3B2-1F55-4960-82E1-71EE865A144A}.Debug|Win32.ActiveCfg = Debug|Win32
		{B5F3F3B2-1F55-4960-82E1-71EE865A144A}.Debug|Win32.Build.0 = Debug|Win32
		{B5F3F3B2-1F55-4960-82E1-71EE865A144A}.Release|Win32.ActiveCfg = Release|Win32
		{B5F3F3B2-1F55-4960-82E1-71EE865A144A}.Release|Win32.Build.0 = Release|Win32
		{03F1AF60-0FB4-4B79-BB49-5319268D6868}.Debug|Win32.ActiveCfg = Debug|Win32
		{03F1AF60-0FB4-4B79-BB49-5319268D6868}.Debug|Win32.Build.0 = Debug|Win32
		{03F1AF60-0FB4-4B79-BB49-5319268D6868}.Release|Win32.ActiveCfg = Release|Win32
		{03F1AF60-0FB4-4B79-BB49-5319268D6868}.Release|Win32.Build.0 = Release|Win32
	EndGlobalSection
	GlobalSection(SolutionProperties) = preSolution
		HideSolutionNode = FALSE
	EndGlobalSection
EndGlobal
